
Microsoft Visual Studio Solution File, Format Version 12.00
# Visual Studio Version 16
VisualStudioVersion = 16.0.30114.105
MinimumVisualStudioVersion = 10.0.40219.1
Project("{FAE04EC0-301F-11D3-BF4B-00C04F79EFBC}") = "generator", "source-generator\generator.csproj", "{01E4F55D-1F19-4C82-BA4B-6D542D0EFB76}"
EndProject
Project("{FAE04EC0-301F-11D3-BF4B-00C04F79EFBC}") = "application", "application\application.csproj", "{A7CCA12A-5AFB-49BE-90FB-37796799B166}"
EndProject
Global
	GlobalSection(SolutionConfigurationPlatforms) = preSolution
		Debug|Any CPU = Debug|Any CPU
		Debug|x64 = Debug|x64
		Debug|x86 = Debug|x86
		Release|Any CPU = Release|Any CPU
		Release|x64 = Release|x64
		Release|x86 = Release|x86
	EndGlobalSection
	GlobalSection(SolutionProperties) = preSolution
		HideSolutionNode = FALSE
	EndGlobalSection
	GlobalSection(ProjectConfigurationPlatforms) = postSolution
		{01E4F55D-1F19-4C82-BA4B-6D542D0EFB76}.Debug|Any CPU.ActiveCfg = Debug|Any CPU
		{01E4F55D-1F19-4C82-BA4B-6D542D0EFB76}.Debug|Any CPU.Build.0 = Debug|Any CPU
		{01E4F55D-1F19-4C82-BA4B-6D542D0EFB76}.Debug|x64.ActiveCfg = Debug|Any CPU
		{01E4F55D-1F19-4C82-BA4B-6D542D0EFB76}.Debug|x64.Build.0 = Debug|Any CPU
		{01E4F55D-1F19-4C82-BA4B-6D542D0EFB76}.Debug|x86.ActiveCfg = Debug|Any CPU
		{01E4F55D-1F19-4C82-BA4B-6D542D0EFB76}.Debug|x86.Build.0 = Debug|Any CPU
		{01E4F55D-1F19-4C82-BA4B-6D542D0EFB76}.Release|Any CPU.ActiveCfg = Release|Any CPU
		{01E4F55D-1F19-4C82-BA4B-6D542D0EFB76}.Release|Any CPU.Build.0 = Release|Any CPU
		{01E4F55D-1F19-4C82-BA4B-6D542D0EFB76}.Release|x64.ActiveCfg = Release|Any CPU
		{01E4F55D-1F19-4C82-BA4B-6D542D0EFB76}.Release|x64.Build.0 = Release|Any CPU
		{01E4F55D-1F19-4C82-BA4B-6D542D0EFB76}.Release|x86.ActiveCfg = Release|Any CPU
		{01E4F55D-1F19-4C82-BA4B-6D542D0EFB76}.Release|x86.Build.0 = Release|Any CPU
		{A7CCA12A-5AFB-49BE-90FB-37796799B166}.Debug|Any CPU.ActiveCfg = Debug|Any CPU
		{A7CCA12A-5AFB-49BE-90FB-37796799B166}.Debug|Any CPU.Build.0 = Debug|Any CPU
		{A7CCA12A-5AFB-49BE-90FB-37796799B166}.Debug|x64.ActiveCfg = Debug|Any CPU
		{A7CCA12A-5AFB-49BE-90FB-37796799B166}.Debug|x64.Build.0 = Debug|Any CPU
		{A7CCA12A-5AFB-49BE-90FB-37796799B166}.Debug|x86.ActiveCfg = Debug|Any CPU
		{A7CCA12A-5AFB-49BE-90FB-37796799B166}.Debug|x86.Build.0 = Debug|Any CPU
		{A7CCA12A-5AFB-49BE-90FB-37796799B166}.Release|Any CPU.ActiveCfg = Release|Any CPU
		{A7CCA12A-5AFB-49BE-90FB-37796799B166}.Release|Any CPU.Build.0 = Release|Any CPU
		{A7CCA12A-5AFB-49BE-90FB-37796799B166}.Release|x64.ActiveCfg = Release|Any CPU
		{A7CCA12A-5AFB-49BE-90FB-37796799B166}.Release|x64.Build.0 = Release|Any CPU
		{A7CCA12A-5AFB-49BE-90FB-37796799B166}.Release|x86.ActiveCfg = Release|Any CPU
		{A7CCA12A-5AFB-49BE-90FB-37796799B166}.Release|x86.Build.0 = Release|Any CPU
	EndGlobalSection
EndGlobal
